
Microsoft Visual Studio Solution File, Format Version 12.00
# Visual Studio 2013
VisualStudioVersion = 12.0.30723.0
MinimumVisualStudioVersion = 10.0.40219.1
Project("{FAE04EC0-301F-11D3-BF4B-00C04F79EFBC}") = "Greeter", "Greeter\Greeter.csproj", "{BE1152B3-4D0B-4D23-BE7E-5489529FBE92}"
EndProject
Project("{FAE04EC0-301F-11D3-BF4B-00C04F79EFBC}") = "GreeterTS", "GreeterTS\GreeterTS.csproj", "{20519B84-051A-4B2B-9D01-40BA1A905D4A}"
EndProject
Project("{2150E333-8FDC-42A3-9474-1A3956D46DE8}") = "CommonResources", "CommonResources", "{B01E380E-C607-4E2F-836F-62A4E83B21D7}"
	ProjectSection(SolutionItems) = preProject
		CommonResources\app.css = CommonResources\app.css
		CommonResources\readme.md = CommonResources\readme.md
	EndProjectSection
EndProject
Project("{FAE04EC0-301F-11D3-BF4B-00C04F79EFBC}") = "GreeterTSwInterface", "GreeterTSwInterface\GreeterTSwInterface.csproj", "{5678E4F7-EB72-4E29-96D5-E770DE9E85C9}"
EndProject
Project("{E24C65DC-7377-472B-9ABA-BC803B73C61A}") = "JS_preliminary", "http://localhost:50189", "{8BE975DD-F857-4972-8B75-E416B431FD04}"
	ProjectSection(WebsiteProperties) = preProject
		UseIISExpress = "true"
		TargetFrameworkMoniker = ".NETFramework,Version%3Dv4.0"
		Debug.AspNetCompiler.VirtualPath = "/localhost_50189"
		Debug.AspNetCompiler.PhysicalPath = "JS_preliminary\"
		Debug.AspNetCompiler.TargetPath = "PrecompiledWeb\localhost_50189\"
		Debug.AspNetCompiler.Updateable = "true"
		Debug.AspNetCompiler.ForceOverwrite = "true"
		Debug.AspNetCompiler.FixedNames = "false"
		Debug.AspNetCompiler.Debug = "True"
		Release.AspNetCompiler.VirtualPath = "/localhost_50189"
		Release.AspNetCompiler.PhysicalPath = "JS_preliminary\"
		Release.AspNetCompiler.TargetPath = "PrecompiledWeb\localhost_50189\"
		Release.AspNetCompiler.Updateable = "true"
		Release.AspNetCompiler.ForceOverwrite = "true"
		Release.AspNetCompiler.FixedNames = "false"
		Release.AspNetCompiler.Debug = "False"
		SlnRelativePath = "JS_preliminary\"
	EndProjectSection
EndProject
Global
	GlobalSection(SolutionConfigurationPlatforms) = preSolution
		Debug|Any CPU = Debug|Any CPU
		Release|Any CPU = Release|Any CPU
	EndGlobalSection
	GlobalSection(ProjectConfigurationPlatforms) = postSolution
		{BE1152B3-4D0B-4D23-BE7E-5489529FBE92}.Debug|Any CPU.ActiveCfg = Debug|Any CPU
		{BE1152B3-4D0B-4D23-BE7E-5489529FBE92}.Debug|Any CPU.Build.0 = Debug|Any CPU
		{BE1152B3-4D0B-4D23-BE7E-5489529FBE92}.Release|Any CPU.ActiveCfg = Release|Any CPU
		{BE1152B3-4D0B-4D23-BE7E-5489529FBE92}.Release|Any CPU.Build.0 = Release|Any CPU
		{20519B84-051A-4B2B-9D01-40BA1A905D4A}.Debug|Any CPU.ActiveCfg = Debug|Any CPU
		{20519B84-051A-4B2B-9D01-40BA1A905D4A}.Debug|Any CPU.Build.0 = Debug|Any CPU
		{20519B84-051A-4B2B-9D01-40BA1A905D4A}.Release|Any CPU.ActiveCfg = Release|Any CPU
		{20519B84-051A-4B2B-9D01-40BA1A905D4A}.Release|Any CPU.Build.0 = Release|Any CPU
		{5678E4F7-EB72-4E29-96D5-E770DE9E85C9}.Debug|Any CPU.ActiveCfg = Debug|Any CPU
		{5678E4F7-EB72-4E29-96D5-E770DE9E85C9}.Debug|Any CPU.Build.0 = Debug|Any CPU
		{5678E4F7-EB72-4E29-96D5-E770DE9E85C9}.Release|Any CPU.ActiveCfg = Release|Any CPU
		{5678E4F7-EB72-4E29-96D5-E770DE9E85C9}.Release|Any CPU.Build.0 = Release|Any CPU
		{8BE975DD-F857-4972-8B75-E416B431FD04}.Debug|Any CPU.ActiveCfg = Debug|Any CPU
		{8BE975DD-F857-4972-8B75-E416B431FD04}.Debug|Any CPU.Build.0 = Debug|Any CPU
		{8BE975DD-F857-4972-8B75-E416B431FD04}.Release|Any CPU.ActiveCfg = Debug|Any CPU
		{8BE975DD-F857-4972-8B75-E416B431FD04}.Release|Any CPU.Build.0 = Debug|Any CPU
	EndGlobalSection
	GlobalSection(SolutionProperties) = preSolution
		HideSolutionNode = FALSE
	EndGlobalSection
EndGlobal
